
Microsoft Visual Studio Solution File, Format Version 12.00
# Visual Studio 15
VisualStudioVersion = 15.0.28307.779
MinimumVisualStudioVersion = 10.0.40219.1
Project("{FAE04EC0-301F-11D3-BF4B-00C04F79EFBC}") = "MP4-3_Ignacio", "MP4-3_Ignacio\MP4-3_Ignacio.csproj", "{2757DD0A-FC7E-4D82-ABB0-7100B7065454}"
EndProject
Global
	GlobalSection(SolutionConfigurationPlatforms) = preSolution
		Debug|Any CPU = Debug|Any CPU
		Release|Any CPU = Release|Any CPU
	EndGlobalSection
	GlobalSection(ProjectConfigurationPlatforms) = postSolution
		{2757DD0A-FC7E-4D82-ABB0-7100B7065454}.Debug|Any CPU.ActiveCfg = Debug|Any CPU
		{2757DD0A-FC7E-4D82-ABB0-7100B7065454}.Debug|Any CPU.Build.0 = Debug|Any CPU
		{2757DD0A-FC7E-4D82-ABB0-7100B7065454}.Release|Any CPU.ActiveCfg = Release|Any CPU
		{2757DD0A-FC7E-4D82-ABB0-7100B7065454}.Release|Any CPU.Build.0 = Release|Any CPU
	EndGlobalSection
	GlobalSection(SolutionProperties) = preSolution
		HideSolutionNode = FALSE
	EndGlobalSection
	GlobalSection(ExtensibilityGlobals) = postSolution
		SolutionGuid = {F1DBA0E0-6AD3-44D2-9825-DD992F3A571E}
	EndGlobalSection
EndGlobal
